<?xml version="1.0" encoding="utf-8"?>
<Project ToolsVersion="4.0" xmlns="http://schemas.microsoft.com/developer/msbuild/2003">
  <ItemGroup>
    <ClCompile Include="main.cpp" />
    <ClCompile Include="MarchingCubeAsteroid.cpp" />
  </ItemGroup>
  <ItemGroup>
    <ClInclude Include="TestCube.h">
      <Filter>Testing</Filter>
    </ClInclude>
    <ClInclude Include="TestScene.h">
      <Filter>Testing</Filter>
    </ClInclude>
    <ClInclude Include="MarchingCubeAsteroid.h" />
  </ItemGroup>
  <ItemGroup>
    <Filter Include="Shaders">
      <UniqueIdentifier>{922f61da-732b-4958-9b6f-d202a56d4574}</UniqueIdentifier>
    </Filter>
    <Filter Include="Testing">
      <UniqueIdentifier>{ecba5012-cc0c-4e54-8797-e3659779a136}</UniqueIdentifier>
    </Filter>
  </ItemGroup>
  <ItemGroup>
    <None Include="CubePixel.glsl">
      <Filter>Shaders</Filter>
    </None>
    <None Include="CubeVertex.glsl">
      <Filter>Shaders</Filter>
    </None>
    <None Include="MarchingCubeGeometry.glsl">
      <Filter>Shaders</Filter>
    </None>
    <None Include="MarchingCubePixel.glsl">
      <Filter>Shaders</Filter>
    </None>
    <None Include="MarchingCubeVertex.glsl">
      <Filter>Shaders</Filter>
    </None>
  </ItemGroup>
</Project>